
Microsoft Visual Studio Solution File, Format Version 12.00
# Visual Studio Version 17
VisualStudioVersion = 17.3.32825.248
MinimumVisualStudioVersion = 10.0.40219.1
Project("{FAE04EC0-301F-11D3-BF4B-00C04F79EFBC}") = "hackerrank", "hackerrank\hackerrank.csproj", "{83789E55-A67A-4F84-A06E-7DCD2B81BA51}"
EndProject
Global
	GlobalSection(SolutionConfigurationPlatforms) = preSolution
		Debug|Any CPU = Debug|Any CPU
		Release|Any CPU = Release|Any CPU
	EndGlobalSection
	GlobalSection(ProjectConfigurationPlatforms) = postSolution
		{83789E55-A67A-4F84-A06E-7DCD2B81BA51}.Debug|Any CPU.ActiveCfg = Debug|Any CPU
		{83789E55-A67A-4F84-A06E-7DCD2B81BA51}.Debug|Any CPU.Build.0 = Debug|Any CPU
		{83789E55-A67A-4F84-A06E-7DCD2B81BA51}.Release|Any CPU.ActiveCfg = Release|Any CPU
		{83789E55-A67A-4F84-A06E-7DCD2B81BA51}.Release|Any CPU.Build.0 = Release|Any CPU
	EndGlobalSection
	GlobalSection(SolutionProperties) = preSolution
		HideSolutionNode = FALSE
	EndGlobalSection
	GlobalSection(ExtensibilityGlobals) = postSolution
		SolutionGuid = {B853E974-C7ED-4E9D-89E0-053082E539DF}
	EndGlobalSection
EndGlobal
